
Microsoft Visual Studio Solution File, Format Version 12.00
# Visual Studio Version 16
VisualStudioVersion = 16.0.30413.136
MinimumVisualStudioVersion = 10.0.40219.1
Project("{FAE04EC0-301F-11D3-BF4B-00C04F79EFBC}") = "DevIO.App", "src\DevIO.App\DevIO.App.csproj", "{420E1E31-3118-4D16-B420-01C874FE7750}"
EndProject
Project("{FAE04EC0-301F-11D3-BF4B-00C04F79EFBC}") = "DevIO.Business", "src\App.Business\DevIO.Business.csproj", "{11FB73DD-056E-4491-AC67-BE6E9BBA2B11}"
EndProject
Project("{FAE04EC0-301F-11D3-BF4B-00C04F79EFBC}") = "DevIO.Data", "src\DevIO.Data\DevIO.Data.csproj", "{CCAA950A-2B2D-45EF-AD75-28BB43E91426}"
EndProject
Global
	GlobalSection(SolutionConfigurationPlatforms) = preSolution
		Debug|Any CPU = Debug|Any CPU
		Release|Any CPU = Release|Any CPU
	EndGlobalSection
	GlobalSection(ProjectConfigurationPlatforms) = postSolution
		{420E1E31-3118-4D16-B420-01C874FE7750}.Debug|Any CPU.ActiveCfg = Debug|Any CPU
		{420E1E31-3118-4D16-B420-01C874FE7750}.Debug|Any CPU.Build.0 = Debug|Any CPU
		{420E1E31-3118-4D16-B420-01C874FE7750}.Release|Any CPU.ActiveCfg = Release|Any CPU
		{420E1E31-3118-4D16-B420-01C874FE7750}.Release|Any CPU.Build.0 = Release|Any CPU
		{11FB73DD-056E-4491-AC67-BE6E9BBA2B11}.Debug|Any CPU.ActiveCfg = Debug|Any CPU
		{11FB73DD-056E-4491-AC67-BE6E9BBA2B11}.Debug|Any CPU.Build.0 = Debug|Any CPU
		{11FB73DD-056E-4491-AC67-BE6E9BBA2B11}.Release|Any CPU.ActiveCfg = Release|Any CPU
		{11FB73DD-056E-4491-AC67-BE6E9BBA2B11}.Release|Any CPU.Build.0 = Release|Any CPU
		{CCAA950A-2B2D-45EF-AD75-28BB43E91426}.Debug|Any CPU.ActiveCfg = Debug|Any CPU
		{CCAA950A-2B2D-45EF-AD75-28BB43E91426}.Debug|Any CPU.Build.0 = Debug|Any CPU
		{CCAA950A-2B2D-45EF-AD75-28BB43E91426}.Release|Any CPU.ActiveCfg = Release|Any CPU
		{CCAA950A-2B2D-45EF-AD75-28BB43E91426}.Release|Any CPU.Build.0 = Release|Any CPU
	EndGlobalSection
	GlobalSection(SolutionProperties) = preSolution
		HideSolutionNode = FALSE
	EndGlobalSection
	GlobalSection(ExtensibilityGlobals) = postSolution
		SolutionGuid = {926FFA90-5C44-46E2-A289-D5F063B2802E}
	EndGlobalSection
EndGlobal
